// !$*UTF8*$!
{
	archiveVersion = 1;
	classes = {
	};
	objectVersion = 46;
	objects = {

/* Begin PBXBuildFile section */
		0CC9CCA581D0216797570AA4 /* Pods_goFit.framework in Frameworks */ = {isa = PBXBuildFile; fileRef = DF2ABD7FC09481A5B7FB1BE5 /* Pods_goFit.framework */; };
		B52D8AD51FDB547F00CB5346 /* RequestsViewController.swift in Sources */ = {isa = PBXBuildFile; fileRef = B52D8AD41FDB547F00CB5346 /* RequestsViewController.swift */; };
		B52D8AD71FDB58A400CB5346 /* FriendRequestsViewController.swift in Sources */ = {isa = PBXBuildFile; fileRef = B52D8AD61FDB58A400CB5346 /* FriendRequestsViewController.swift */; };
		B572996C1FB98A1B009367E6 /* AppDelegate.swift in Sources */ = {isa = PBXBuildFile; fileRef = B572996B1FB98A1B009367E6 /* AppDelegate.swift */; };
		B572996E1FB98A1B009367E6 /* HomeViewController.swift in Sources */ = {isa = PBXBuildFile; fileRef = B572996D1FB98A1B009367E6 /* HomeViewController.swift */; };
		B57299711FB98A1B009367E6 /* Main.storyboard in Resources */ = {isa = PBXBuildFile; fileRef = B572996F1FB98A1B009367E6 /* Main.storyboard */; };
		B57299731FB98A1B009367E6 /* Assets.xcassets in Resources */ = {isa = PBXBuildFile; fileRef = B57299721FB98A1B009367E6 /* Assets.xcassets */; };
		B57299761FB98A1B009367E6 /* LaunchScreen.storyboard in Resources */ = {isa = PBXBuildFile; fileRef = B57299741FB98A1B009367E6 /* LaunchScreen.storyboard */; };
		B5B4E3611FCFB23A0087DA32 /* createChallengeViewController.swift in Sources */ = {isa = PBXBuildFile; fileRef = B5B4E3601FCFB23A0087DA32 /* createChallengeViewController.swift */; };
		B5D62CCC1FCE8A1E0020A958 /* plusTableViewCell.swift in Sources */ = {isa = PBXBuildFile; fileRef = B5D62CCB1FCE8A1E0020A958 /* plusTableViewCell.swift */; };
		B5D62CCE1FCE8FDA0020A958 /* challengesTableViewController.swift in Sources */ = {isa = PBXBuildFile; fileRef = B5D62CCD1FCE8FDA0020A958 /* challengesTableViewController.swift */; };
		B5EF8B281FDA514F00F300BE /* GradientBackground.swift in Sources */ = {isa = PBXBuildFile; fileRef = B5EF8B271FDA514F00F300BE /* GradientBackground.swift */; };
		B5EF8B2A1FDA515900F300BE /* DataPointTableViewCell.swift in Sources */ = {isa = PBXBuildFile; fileRef = B5EF8B291FDA515900F300BE /* DataPointTableViewCell.swift */; };
		B5EF8B2C1FDA516200F300BE /* ChartTableViewCell.swift in Sources */ = {isa = PBXBuildFile; fileRef = B5EF8B2B1FDA516200F300BE /* ChartTableViewCell.swift */; };
		B5EF8B2E1FDA516B00F300BE /* HeaderTableViewCell.swift in Sources */ = {isa = PBXBuildFile; fileRef = B5EF8B2D1FDA516B00F300BE /* HeaderTableViewCell.swift */; };
		B5EF8B371FDA560100F300BE /* ChartTableViewController.swift in Sources */ = {isa = PBXBuildFile; fileRef = B5EF8B361FDA560100F300BE /* ChartTableViewController.swift */; };
		B90E749F1FDA3E720024117E /* CreateSocialChallengeViewController.swift in Sources */ = {isa = PBXBuildFile; fileRef = B90E749E1FDA3E720024117E /* CreateSocialChallengeViewController.swift */; };
		B913B9281FDB3E8D00117C1B /* AddFriendCollectionViewCell.swift in Sources */ = {isa = PBXBuildFile; fileRef = B913B9271FDB3E8D00117C1B /* AddFriendCollectionViewCell.swift */; };
		B913B92A1FDB434F00117C1B /* ProfileTableViewCell.swift in Sources */ = {isa = PBXBuildFile; fileRef = B913B9291FDB434F00117C1B /* ProfileTableViewCell.swift */; };
		B9272F391FD05A0B009F756E /* ChallengesViewController.swift in Sources */ = {isa = PBXBuildFile; fileRef = B9272F381FD05A0B009F756E /* ChallengesViewController.swift */; };
		B9272F3B1FD05A2C009F756E /* Challenge.swift in Sources */ = {isa = PBXBuildFile; fileRef = B9272F3A1FD05A2C009F756E /* Challenge.swift */; };
		B9272F3D1FD05A7F009F756E /* ChallengeCollectionViewCell.swift in Sources */ = {isa = PBXBuildFile; fileRef = B9272F3C1FD05A7F009F756E /* ChallengeCollectionViewCell.swift */; };
		B92E69941FD15E7100FCBB43 /* background.png in Resources */ = {isa = PBXBuildFile; fileRef = B92E69931FD15E7100FCBB43 /* background.png */; };
		B92E69961FD1EF0F00FCBB43 /* User.swift in Sources */ = {isa = PBXBuildFile; fileRef = B92E69951FD1EF0F00FCBB43 /* User.swift */; };
		B92E69981FD1F30A00FCBB43 /* SocialViewController.swift in Sources */ = {isa = PBXBuildFile; fileRef = B92E69971FD1F30A00FCBB43 /* SocialViewController.swift */; };
		B92E699A1FD1F65D00FCBB43 /* SocialCollectionViewCell.swift in Sources */ = {isa = PBXBuildFile; fileRef = B92E69991FD1F65D00FCBB43 /* SocialCollectionViewCell.swift */; };
		B92E699C1FD1F74F00FCBB43 /* User_icon_BLACK-01.png in Resources */ = {isa = PBXBuildFile; fileRef = B92E699B1FD1F74F00FCBB43 /* User_icon_BLACK-01.png */; };
		B959EDFA1FD5E7370041BE6A /* AddNewCollectionViewCell.swift in Sources */ = {isa = PBXBuildFile; fileRef = B959EDF91FD5E7370041BE6A /* AddNewCollectionViewCell.swift */; };
		B959EE091FD88B5D0041BE6A /* Comfortaa-Bold.ttf in Resources */ = {isa = PBXBuildFile; fileRef = B959EE081FD88B5D0041BE6A /* Comfortaa-Bold.ttf */; };
		B959EE0B1FD88B7E0041BE6A /* Comfortaa-Light.ttf in Resources */ = {isa = PBXBuildFile; fileRef = B959EE0A1FD88B7E0041BE6A /* Comfortaa-Light.ttf */; };
		B959EE0D1FD88B8B0041BE6A /* Comfortaa-Regular.ttf in Resources */ = {isa = PBXBuildFile; fileRef = B959EE0C1FD88B8B0041BE6A /* Comfortaa-Regular.ttf */; };
		B959EE0F1FD88B980041BE6A /* OFL.txt in Resources */ = {isa = PBXBuildFile; fileRef = B959EE0E1FD88B980041BE6A /* OFL.txt */; };
		B95B18CD1FDA1ED60016ED3F /* ProfileViewController.swift in Sources */ = {isa = PBXBuildFile; fileRef = B95B18CC1FDA1ED60016ED3F /* ProfileViewController.swift */; };
/* End PBXBuildFile section */

/* Begin PBXFileReference section */
		51FBD0AFE95A837FA2808B3E /* Pods-goFit.debug.xcconfig */ = {isa = PBXFileReference; includeInIndex = 1; lastKnownFileType = text.xcconfig; name = "Pods-goFit.debug.xcconfig"; path = "Pods/Target Support Files/Pods-goFit/Pods-goFit.debug.xcconfig"; sourceTree = "<group>"; };
		B52D8AD41FDB547F00CB5346 /* RequestsViewController.swift */ = {isa = PBXFileReference; fileEncoding = 4; lastKnownFileType = sourcecode.swift; path = RequestsViewController.swift; sourceTree = "<group>"; };
		B52D8AD61FDB58A400CB5346 /* FriendRequestsViewController.swift */ = {isa = PBXFileReference; fileEncoding = 4; lastKnownFileType = sourcecode.swift; path = FriendRequestsViewController.swift; sourceTree = "<group>"; };
		B57299681FB98A1B009367E6 /* goFit.app */ = {isa = PBXFileReference; explicitFileType = wrapper.application; includeInIndex = 0; path = goFit.app; sourceTree = BUILT_PRODUCTS_DIR; };
		B572996B1FB98A1B009367E6 /* AppDelegate.swift */ = {isa = PBXFileReference; lastKnownFileType = sourcecode.swift; path = AppDelegate.swift; sourceTree = "<group>"; };
		B572996D1FB98A1B009367E6 /* HomeViewController.swift */ = {isa = PBXFileReference; lastKnownFileType = sourcecode.swift; path = HomeViewController.swift; sourceTree = "<group>"; };
		B57299701FB98A1B009367E6 /* Base */ = {isa = PBXFileReference; lastKnownFileType = file.storyboard; name = Base; path = Base.lproj/Main.storyboard; sourceTree = "<group>"; };
		B57299721FB98A1B009367E6 /* Assets.xcassets */ = {isa = PBXFileReference; lastKnownFileType = folder.assetcatalog; path = Assets.xcassets; sourceTree = "<group>"; };
		B57299751FB98A1B009367E6 /* Base */ = {isa = PBXFileReference; lastKnownFileType = file.storyboard; name = Base; path = Base.lproj/LaunchScreen.storyboard; sourceTree = "<group>"; };
		B57299771FB98A1B009367E6 /* Info.plist */ = {isa = PBXFileReference; lastKnownFileType = text.plist.xml; path = Info.plist; sourceTree = "<group>"; };
		B5B4E3601FCFB23A0087DA32 /* createChallengeViewController.swift */ = {isa = PBXFileReference; fileEncoding = 4; lastKnownFileType = sourcecode.swift; path = createChallengeViewController.swift; sourceTree = "<group>"; };
		B5D62CCB1FCE8A1E0020A958 /* plusTableViewCell.swift */ = {isa = PBXFileReference; fileEncoding = 4; lastKnownFileType = sourcecode.swift; path = plusTableViewCell.swift; sourceTree = "<group>"; };
		B5D62CCD1FCE8FDA0020A958 /* challengesTableViewController.swift */ = {isa = PBXFileReference; fileEncoding = 4; lastKnownFileType = sourcecode.swift; path = challengesTableViewController.swift; sourceTree = "<group>"; };
		B5EF8B271FDA514F00F300BE /* GradientBackground.swift */ = {isa = PBXFileReference; fileEncoding = 4; lastKnownFileType = sourcecode.swift; path = GradientBackground.swift; sourceTree = "<group>"; };
		B5EF8B291FDA515900F300BE /* DataPointTableViewCell.swift */ = {isa = PBXFileReference; fileEncoding = 4; lastKnownFileType = sourcecode.swift; path = DataPointTableViewCell.swift; sourceTree = "<group>"; };
		B5EF8B2B1FDA516200F300BE /* ChartTableViewCell.swift */ = {isa = PBXFileReference; fileEncoding = 4; lastKnownFileType = sourcecode.swift; path = ChartTableViewCell.swift; sourceTree = "<group>"; };
		B5EF8B2D1FDA516B00F300BE /* HeaderTableViewCell.swift */ = {isa = PBXFileReference; fileEncoding = 4; lastKnownFileType = sourcecode.swift; path = HeaderTableViewCell.swift; sourceTree = "<group>"; };
		B5EF8B321FDA536F00F300BE /* goFit-Bridging-Header.h */ = {isa = PBXFileReference; lastKnownFileType = sourcecode.c.h; path = "goFit-Bridging-Header.h"; sourceTree = "<group>"; };
		B5EF8B361FDA560100F300BE /* ChartTableViewController.swift */ = {isa = PBXFileReference; fileEncoding = 4; lastKnownFileType = sourcecode.swift; path = ChartTableViewController.swift; sourceTree = "<group>"; };
		B90E749E1FDA3E720024117E /* CreateSocialChallengeViewController.swift */ = {isa = PBXFileReference; fileEncoding = 4; lastKnownFileType = sourcecode.swift; path = CreateSocialChallengeViewController.swift; sourceTree = "<group>"; };
		B913B9271FDB3E8D00117C1B /* AddFriendCollectionViewCell.swift */ = {isa = PBXFileReference; fileEncoding = 4; lastKnownFileType = sourcecode.swift; path = AddFriendCollectionViewCell.swift; sourceTree = "<group>"; };
		B913B9291FDB434F00117C1B /* ProfileTableViewCell.swift */ = {isa = PBXFileReference; fileEncoding = 4; lastKnownFileType = sourcecode.swift; path = ProfileTableViewCell.swift; sourceTree = "<group>"; };
		B9272F381FD05A0B009F756E /* ChallengesViewController.swift */ = {isa = PBXFileReference; fileEncoding = 4; lastKnownFileType = sourcecode.swift; path = ChallengesViewController.swift; sourceTree = "<group>"; };
		B9272F3A1FD05A2C009F756E /* Challenge.swift */ = {isa = PBXFileReference; fileEncoding = 4; lastKnownFileType = sourcecode.swift; path = Challenge.swift; sourceTree = "<group>"; };
		B9272F3C1FD05A7F009F756E /* ChallengeCollectionViewCell.swift */ = {isa = PBXFileReference; fileEncoding = 4; lastKnownFileType = sourcecode.swift; path = ChallengeCollectionViewCell.swift; sourceTree = "<group>"; };
		B92E69931FD15E7100FCBB43 /* background.png */ = {isa = PBXFileReference; lastKnownFileType = image.png; path = background.png; sourceTree = "<group>"; };
		B92E69951FD1EF0F00FCBB43 /* User.swift */ = {isa = PBXFileReference; fileEncoding = 4; lastKnownFileType = sourcecode.swift; path = User.swift; sourceTree = "<group>"; };
		B92E69971FD1F30A00FCBB43 /* SocialViewController.swift */ = {isa = PBXFileReference; fileEncoding = 4; lastKnownFileType = sourcecode.swift; path = SocialViewController.swift; sourceTree = "<group>"; };
		B92E69991FD1F65D00FCBB43 /* SocialCollectionViewCell.swift */ = {isa = PBXFileReference; fileEncoding = 4; lastKnownFileType = sourcecode.swift; path = SocialCollectionViewCell.swift; sourceTree = "<group>"; };
		B92E699B1FD1F74F00FCBB43 /* User_icon_BLACK-01.png */ = {isa = PBXFileReference; lastKnownFileType = image.png; path = "User_icon_BLACK-01.png"; sourceTree = "<group>"; };
		B959EDF91FD5E7370041BE6A /* AddNewCollectionViewCell.swift */ = {isa = PBXFileReference; fileEncoding = 4; lastKnownFileType = sourcecode.swift; path = AddNewCollectionViewCell.swift; sourceTree = "<group>"; };
		B959EE081FD88B5D0041BE6A /* Comfortaa-Bold.ttf */ = {isa = PBXFileReference; lastKnownFileType = file; path = "Comfortaa-Bold.ttf"; sourceTree = "<group>"; };
		B959EE0A1FD88B7E0041BE6A /* Comfortaa-Light.ttf */ = {isa = PBXFileReference; lastKnownFileType = file; path = "Comfortaa-Light.ttf"; sourceTree = "<group>"; };
		B959EE0C1FD88B8B0041BE6A /* Comfortaa-Regular.ttf */ = {isa = PBXFileReference; lastKnownFileType = file; path = "Comfortaa-Regular.ttf"; sourceTree = "<group>"; };
		B959EE0E1FD88B980041BE6A /* OFL.txt */ = {isa = PBXFileReference; fileEncoding = 4; lastKnownFileType = text; path = OFL.txt; sourceTree = "<group>"; };
		B95B18CC1FDA1ED60016ED3F /* ProfileViewController.swift */ = {isa = PBXFileReference; fileEncoding = 4; lastKnownFileType = sourcecode.swift; path = ProfileViewController.swift; sourceTree = "<group>"; };
		DAD4645E6C6E434D0CBE994A /* Pods-goFit.release.xcconfig */ = {isa = PBXFileReference; includeInIndex = 1; lastKnownFileType = text.xcconfig; name = "Pods-goFit.release.xcconfig"; path = "Pods/Target Support Files/Pods-goFit/Pods-goFit.release.xcconfig"; sourceTree = "<group>"; };
		DF2ABD7FC09481A5B7FB1BE5 /* Pods_goFit.framework */ = {isa = PBXFileReference; explicitFileType = wrapper.framework; includeInIndex = 0; path = Pods_goFit.framework; sourceTree = BUILT_PRODUCTS_DIR; };
/* End PBXFileReference section */

/* Begin PBXFrameworksBuildPhase section */
		B57299651FB98A1B009367E6 /* Frameworks */ = {
			isa = PBXFrameworksBuildPhase;
			buildActionMask = 2147483647;
			files = (
				0CC9CCA581D0216797570AA4 /* Pods_goFit.framework in Frameworks */,
			);
			runOnlyForDeploymentPostprocessing = 0;
		};
/* End PBXFrameworksBuildPhase section */

/* Begin PBXGroup section */
		017ADE0B6A5CF41784CBCDE7 /* Frameworks */ = {
			isa = PBXGroup;
			children = (
				DF2ABD7FC09481A5B7FB1BE5 /* Pods_goFit.framework */,
			);
			name = Frameworks;
			sourceTree = "<group>";
		};
		766229D084E76524EF47B6FC /* Pods */ = {
			isa = PBXGroup;
			children = (
				51FBD0AFE95A837FA2808B3E /* Pods-goFit.debug.xcconfig */,
				DAD4645E6C6E434D0CBE994A /* Pods-goFit.release.xcconfig */,
			);
			name = Pods;
			sourceTree = "<group>";
		};
		B572995F1FB98A1B009367E6 = {
			isa = PBXGroup;
			children = (
				B959EE071FD88B480041BE6A /* Resources */,
				B572996A1FB98A1B009367E6 /* goFit */,
				B57299691FB98A1B009367E6 /* Products */,
				766229D084E76524EF47B6FC /* Pods */,
				017ADE0B6A5CF41784CBCDE7 /* Frameworks */,
			);
			sourceTree = "<group>";
		};
		B57299691FB98A1B009367E6 /* Products */ = {
			isa = PBXGroup;
			children = (
				B57299681FB98A1B009367E6 /* goFit.app */,
			);
			name = Products;
			sourceTree = "<group>";
		};
		B572996A1FB98A1B009367E6 /* goFit */ = {
			isa = PBXGroup;
			children = (
				B572996B1FB98A1B009367E6 /* AppDelegate.swift */,
				B572996D1FB98A1B009367E6 /* HomeViewController.swift */,
				B9272F381FD05A0B009F756E /* ChallengesViewController.swift */,
				B9272F3A1FD05A2C009F756E /* Challenge.swift */,
				B92E69951FD1EF0F00FCBB43 /* User.swift */,
				B9272F3C1FD05A7F009F756E /* ChallengeCollectionViewCell.swift */,
				B572996F1FB98A1B009367E6 /* Main.storyboard */,
				B52D8AD61FDB58A400CB5346 /* FriendRequestsViewController.swift */,
				B52D8AD41FDB547F00CB5346 /* RequestsViewController.swift */,
				B5EF8B361FDA560100F300BE /* ChartTableViewController.swift */,
				B5EF8B2D1FDA516B00F300BE /* HeaderTableViewCell.swift */,
				B5EF8B271FDA514F00F300BE /* GradientBackground.swift */,
				B5EF8B2B1FDA516200F300BE /* ChartTableViewCell.swift */,
				B5EF8B291FDA515900F300BE /* DataPointTableViewCell.swift */,
				B913B9291FDB434F00117C1B /* ProfileTableViewCell.swift */,
				B92E69991FD1F65D00FCBB43 /* SocialCollectionViewCell.swift */,
				B92E69971FD1F30A00FCBB43 /* SocialViewController.swift */,
				B5B4E3601FCFB23A0087DA32 /* createChallengeViewController.swift */,
				B5D62CCD1FCE8FDA0020A958 /* challengesTableViewController.swift */,
				B5D62CCB1FCE8A1E0020A958 /* plusTableViewCell.swift */,
				B57299721FB98A1B009367E6 /* Assets.xcassets */,
				B57299741FB98A1B009367E6 /* LaunchScreen.storyboard */,
				B92E69931FD15E7100FCBB43 /* background.png */,
				B57299771FB98A1B009367E6 /* Info.plist */,
				B92E699B1FD1F74F00FCBB43 /* User_icon_BLACK-01.png */,
				B959EDF91FD5E7370041BE6A /* AddNewCollectionViewCell.swift */,
				B95B18CC1FDA1ED60016ED3F /* ProfileViewController.swift */,
				B90E749E1FDA3E720024117E /* CreateSocialChallengeViewController.swift */,
				B5EF8B321FDA536F00F300BE /* goFit-Bridging-Header.h */,
				B913B9271FDB3E8D00117C1B /* AddFriendCollectionViewCell.swift */,
			);
			path = goFit;
			sourceTree = "<group>";
		};
		B959EE071FD88B480041BE6A /* Resources */ = {
			isa = PBXGroup;
			children = (
				B959EE0E1FD88B980041BE6A /* OFL.txt */,
				B959EE0C1FD88B8B0041BE6A /* Comfortaa-Regular.ttf */,
				B959EE0A1FD88B7E0041BE6A /* Comfortaa-Light.ttf */,
				B959EE081FD88B5D0041BE6A /* Comfortaa-Bold.ttf */,
			);
			name = Resources;
			sourceTree = "<group>";
		};
/* End PBXGroup section */

/* Begin PBXNativeTarget section */
		B57299671FB98A1B009367E6 /* goFit */ = {
			isa = PBXNativeTarget;
			buildConfigurationList = B572997A1FB98A1B009367E6 /* Build configuration list for PBXNativeTarget "goFit" */;
			buildPhases = (
				92A899853151E1C4ABF13BAF /* [CP] Check Pods Manifest.lock */,
				B57299641FB98A1B009367E6 /* Sources */,
				B57299651FB98A1B009367E6 /* Frameworks */,
				B57299661FB98A1B009367E6 /* Resources */,
				F1A1AB6591566D65B1D3038C /* [CP] Embed Pods Frameworks */,
				6DA006EEA6BEDDB45AC5A076 /* [CP] Copy Pods Resources */,
			);
			buildRules = (
			);
			dependencies = (
			);
			name = goFit;
			productName = goFit;
			productReference = B57299681FB98A1B009367E6 /* goFit.app */;
			productType = "com.apple.product-type.application";
		};
/* End PBXNativeTarget section */

/* Begin PBXProject section */
		B57299601FB98A1B009367E6 /* Project object */ = {
			isa = PBXProject;
			attributes = {
				LastSwiftUpdateCheck = 0830;
				LastUpgradeCheck = 0830;
				ORGANIZATIONNAME = CS147;
				TargetAttributes = {
					B57299671FB98A1B009367E6 = {
						CreatedOnToolsVersion = 8.3;
						DevelopmentTeam = T829AWJPEZ;
						LastSwiftMigration = 0830;
						ProvisioningStyle = Automatic;
					};
				};
			};
			buildConfigurationList = B57299631FB98A1B009367E6 /* Build configuration list for PBXProject "goFit" */;
			compatibilityVersion = "Xcode 3.2";
			developmentRegion = English;
			hasScannedForEncodings = 0;
			knownRegions = (
				en,
				Base,
			);
			mainGroup = B572995F1FB98A1B009367E6;
			productRefGroup = B57299691FB98A1B009367E6 /* Products */;
			projectDirPath = "";
			projectRoot = "";
			targets = (
				B57299671FB98A1B009367E6 /* goFit */,
			);
		};
/* End PBXProject section */

/* Begin PBXResourcesBuildPhase section */
		B57299661FB98A1B009367E6 /* Resources */ = {
			isa = PBXResourcesBuildPhase;
			buildActionMask = 2147483647;
			files = (
				B57299761FB98A1B009367E6 /* LaunchScreen.storyboard in Resources */,
				B92E69941FD15E7100FCBB43 /* background.png in Resources */,
				B959EE091FD88B5D0041BE6A /* Comfortaa-Bold.ttf in Resources */,
				B959EE0F1FD88B980041BE6A /* OFL.txt in Resources */,
				B92E699C1FD1F74F00FCBB43 /* User_icon_BLACK-01.png in Resources */,
				B959EE0D1FD88B8B0041BE6A /* Comfortaa-Regular.ttf in Resources */,
				B959EE0B1FD88B7E0041BE6A /* Comfortaa-Light.ttf in Resources */,
				B57299731FB98A1B009367E6 /* Assets.xcassets in Resources */,
				B57299711FB98A1B009367E6 /* Main.storyboard in Resources */,
			);
			runOnlyForDeploymentPostprocessing = 0;
		};
/* End PBXResourcesBuildPhase section */

/* Begin PBXShellScriptBuildPhase section */
		6DA006EEA6BEDDB45AC5A076 /* [CP] Copy Pods Resources */ = {
			isa = PBXShellScriptBuildPhase;
			buildActionMask = 2147483647;
			files = (
			);
			inputPaths = (
			);
			name = "[CP] Copy Pods Resources";
			outputPaths = (
			);
			runOnlyForDeploymentPostprocessing = 0;
			shellPath = /bin/sh;
			shellScript = "\"${SRCROOT}/Pods/Target Support Files/Pods-goFit/Pods-goFit-resources.sh\"\n";
			showEnvVarsInLog = 0;
		};
		92A899853151E1C4ABF13BAF /* [CP] Check Pods Manifest.lock */ = {
			isa = PBXShellScriptBuildPhase;
			buildActionMask = 2147483647;
			files = (
			);
			inputPaths = (
				"${PODS_PODFILE_DIR_PATH}/Podfile.lock",
				"${PODS_ROOT}/Manifest.lock",
			);
			name = "[CP] Check Pods Manifest.lock";
			outputPaths = (
				"$(DERIVED_FILE_DIR)/Pods-goFit-checkManifestLockResult.txt",
			);
			runOnlyForDeploymentPostprocessing = 0;
			shellPath = /bin/sh;
			shellScript = "diff \"${PODS_PODFILE_DIR_PATH}/Podfile.lock\" \"${PODS_ROOT}/Manifest.lock\" > /dev/null\nif [ $? != 0 ] ; then\n    # print error to STDERR\n    echo \"error: The sandbox is not in sync with the Podfile.lock. Run 'pod install' or update your CocoaPods installation.\" >&2\n    exit 1\nfi\n# This output is used by Xcode 'outputs' to avoid re-running this script phase.\necho \"SUCCESS\" > \"${SCRIPT_OUTPUT_FILE_0}\"\n";
			showEnvVarsInLog = 0;
		};
		F1A1AB6591566D65B1D3038C /* [CP] Embed Pods Frameworks */ = {
			isa = PBXShellScriptBuildPhase;
			buildActionMask = 2147483647;
			files = (
			);
			inputPaths = (
				"${SRCROOT}/Pods/Target Support Files/Pods-goFit/Pods-goFit-frameworks.sh",
				"${BUILT_PRODUCTS_DIR}/MBCircularProgressBar/MBCircularProgressBar.framework",
				"${BUILT_PRODUCTS_DIR}/PNChart/PNChart.framework",
				"${BUILT_PRODUCTS_DIR}/SAConfettiView/SAConfettiView.framework",
				"${BUILT_PRODUCTS_DIR}/Toast-Swift/Toast_Swift.framework",
				"${BUILT_PRODUCTS_DIR}/UICountingLabel/UICountingLabel.framework",
			);
			name = "[CP] Embed Pods Frameworks";
			outputPaths = (
				"${TARGET_BUILD_DIR}/${FRAMEWORKS_FOLDER_PATH}/MBCircularProgressBar.framework",
				"${TARGET_BUILD_DIR}/${FRAMEWORKS_FOLDER_PATH}/PNChart.framework",
				"${TARGET_BUILD_DIR}/${FRAMEWORKS_FOLDER_PATH}/SAConfettiView.framework",
				"${TARGET_BUILD_DIR}/${FRAMEWORKS_FOLDER_PATH}/Toast_Swift.framework",
				"${TARGET_BUILD_DIR}/${FRAMEWORKS_FOLDER_PATH}/UICountingLabel.framework",
			);
			runOnlyForDeploymentPostprocessing = 0;
			shellPath = /bin/sh;
			shellScript = "\"${SRCROOT}/Pods/Target Support Files/Pods-goFit/Pods-goFit-frameworks.sh\"\n";
			showEnvVarsInLog = 0;
		};
/* End PBXShellScriptBuildPhase section */

/* Begin PBXSourcesBuildPhase section */
		B57299641FB98A1B009367E6 /* Sources */ = {
			isa = PBXSourcesBuildPhase;
			buildActionMask = 2147483647;
			files = (
				B913B9281FDB3E8D00117C1B /* AddFriendCollectionViewCell.swift in Sources */,
				B9272F3B1FD05A2C009F756E /* Challenge.swift in Sources */,
				B52D8AD51FDB547F00CB5346 /* RequestsViewController.swift in Sources */,
				B5EF8B2C1FDA516200F300BE /* ChartTableViewCell.swift in Sources */,
				B5EF8B371FDA560100F300BE /* ChartTableViewController.swift in Sources */,
				B572996E1FB98A1B009367E6 /* HomeViewController.swift in Sources */,
				B9272F3D1FD05A7F009F756E /* ChallengeCollectionViewCell.swift in Sources */,
				B52D8AD71FDB58A400CB5346 /* FriendRequestsViewController.swift in Sources */,
				B959EDFA1FD5E7370041BE6A /* AddNewCollectionViewCell.swift in Sources */,
				B5D62CCC1FCE8A1E0020A958 /* plusTableViewCell.swift in Sources */,
				B5EF8B281FDA514F00F300BE /* GradientBackground.swift in Sources */,
				B572996C1FB98A1B009367E6 /* AppDelegate.swift in Sources */,
				B92E69981FD1F30A00FCBB43 /* SocialViewController.swift in Sources */,
				B90E749F1FDA3E720024117E /* CreateSocialChallengeViewController.swift in Sources */,
				B5EF8B2E1FDA516B00F300BE /* HeaderTableViewCell.swift in Sources */,
				B92E69961FD1EF0F00FCBB43 /* User.swift in Sources */,
				B5B4E3611FCFB23A0087DA32 /* createChallengeViewController.swift in Sources */,
				B913B92A1FDB434F00117C1B /* ProfileTableViewCell.swift in Sources */,
				B92E699A1FD1F65D00FCBB43 /* SocialCollectionViewCell.swift in Sources */,
				B95B18CD1FDA1ED60016ED3F /* ProfileViewController.swift in Sources */,
				B9272F391FD05A0B009F756E /* ChallengesViewController.swift in Sources */,
				B5EF8B2A1FDA515900F300BE /* DataPointTableViewCell.swift in Sources */,
				B5D62CCE1FCE8FDA0020A958 /* challengesTableViewController.swift in Sources */,
			);
			runOnlyForDeploymentPostprocessing = 0;
		};
/* End PBXSourcesBuildPhase section */

/* Begin PBXVariantGroup section */
		B572996F1FB98A1B009367E6 /* Main.storyboard */ = {
			isa = PBXVariantGroup;
			children = (
				B57299701FB98A1B009367E6 /* Base */,
			);
			name = Main.storyboard;
			sourceTree = "<group>";
		};
		B57299741FB98A1B009367E6 /* LaunchScreen.storyboard */ = {
			isa = PBXVariantGroup;
			children = (
				B57299751FB98A1B009367E6 /* Base */,
			);
			name = LaunchScreen.storyboard;
			sourceTree = "<group>";
		};
/* End PBXVariantGroup section */

/* Begin XCBuildConfiguration section */
		B57299781FB98A1B009367E6 /* Debug */ = {
			isa = XCBuildConfiguration;
			buildSettings = {
				ALWAYS_SEARCH_USER_PATHS = NO;
				CLANG_ANALYZER_NONNULL = YES;
				CLANG_ANALYZER_NUMBER_OBJECT_CONVERSION = YES_AGGRESSIVE;
				CLANG_CXX_LANGUAGE_STANDARD = "gnu++0x";
				CLANG_CXX_LIBRARY = "libc++";
				CLANG_ENABLE_MODULES = YES;
				CLANG_ENABLE_OBJC_ARC = YES;
				CLANG_WARN_BOOL_CONVERSION = YES;
				CLANG_WARN_CONSTANT_CONVERSION = YES;
				CLANG_WARN_DIRECT_OBJC_ISA_USAGE = YES_ERROR;
				CLANG_WARN_DOCUMENTATION_COMMENTS = YES;
				CLANG_WARN_EMPTY_BODY = YES;
				CLANG_WARN_ENUM_CONVERSION = YES;
				CLANG_WARN_INFINITE_RECURSION = YES;
				CLANG_WARN_INT_CONVERSION = YES;
				CLANG_WARN_OBJC_ROOT_CLASS = YES_ERROR;
				CLANG_WARN_SUSPICIOUS_MOVE = YES;
				CLANG_WARN_UNREACHABLE_CODE = YES;
				CLANG_WARN__DUPLICATE_METHOD_MATCH = YES;
				"CODE_SIGN_IDENTITY[sdk=iphoneos*]" = "iPhone Developer";
				COPY_PHASE_STRIP = NO;
				DEBUG_INFORMATION_FORMAT = dwarf;
				ENABLE_STRICT_OBJC_MSGSEND = YES;
				ENABLE_TESTABILITY = YES;
				GCC_C_LANGUAGE_STANDARD = gnu99;
				GCC_DYNAMIC_NO_PIC = NO;
				GCC_NO_COMMON_BLOCKS = YES;
				GCC_OPTIMIZATION_LEVEL = 0;
				GCC_PREPROCESSOR_DEFINITIONS = (
					"DEBUG=1",
					"$(inherited)",
				);
				GCC_WARN_64_TO_32_BIT_CONVERSION = YES;
				GCC_WARN_ABOUT_RETURN_TYPE = YES_ERROR;
				GCC_WARN_UNDECLARED_SELECTOR = YES;
				GCC_WARN_UNINITIALIZED_AUTOS = YES_AGGRESSIVE;
				GCC_WARN_UNUSED_FUNCTION = YES;
				GCC_WARN_UNUSED_VARIABLE = YES;
				IPHONEOS_DEPLOYMENT_TARGET = 10.3;
				MTL_ENABLE_DEBUG_INFO = YES;
				ONLY_ACTIVE_ARCH = YES;
				SDKROOT = iphoneos;
				SWIFT_ACTIVE_COMPILATION_CONDITIONS = DEBUG;
				SWIFT_OPTIMIZATION_LEVEL = "-Onone";
			};
			name = Debug;
		};
		B57299791FB98A1B009367E6 /* Release */ = {
			isa = XCBuildConfiguration;
			buildSettings = {
				ALWAYS_SEARCH_USER_PATHS = NO;
				CLANG_ANALYZER_NONNULL = YES;
				CLANG_ANALYZER_NUMBER_OBJECT_CONVERSION = YES_AGGRESSIVE;
				CLANG_CXX_LANGUAGE_STANDARD = "gnu++0x";
				CLANG_CXX_LIBRARY = "libc++";
				CLANG_ENABLE_MODULES = YES;
				CLANG_ENABLE_OBJC_ARC = YES;
				CLANG_WARN_BOOL_CONVERSION = YES;
				CLANG_WARN_CONSTANT_CONVERSION = YES;
				CLANG_WARN_DIRECT_OBJC_ISA_USAGE = YES_ERROR;
				CLANG_WARN_DOCUMENTATION_COMMENTS = YES;
				CLANG_WARN_EMPTY_BODY = YES;
				CLANG_WARN_ENUM_CONVERSION = YES;
				CLANG_WARN_INFINITE_RECURSION = YES;
				CLANG_WARN_INT_CONVERSION = YES;
				CLANG_WARN_OBJC_ROOT_CLASS = YES_ERROR;
				CLANG_WARN_SUSPICIOUS_MOVE = YES;
				CLANG_WARN_UNREACHABLE_CODE = YES;
				CLANG_WARN__DUPLICATE_METHOD_MATCH = YES;
				"CODE_SIGN_IDENTITY[sdk=iphoneos*]" = "iPhone Developer";
				COPY_PHASE_STRIP = NO;
				DEBUG_INFORMATION_FORMAT = "dwarf-with-dsym";
				ENABLE_NS_ASSERTIONS = NO;
				ENABLE_STRICT_OBJC_MSGSEND = YES;
				GCC_C_LANGUAGE_STANDARD = gnu99;
				GCC_NO_COMMON_BLOCKS = YES;
				GCC_WARN_64_TO_32_BIT_CONVERSION = YES;
				GCC_WARN_ABOUT_RETURN_TYPE = YES_ERROR;
				GCC_WARN_UNDECLARED_SELECTOR = YES;
				GCC_WARN_UNINITIALIZED_AUTOS = YES_AGGRESSIVE;
				GCC_WARN_UNUSED_FUNCTION = YES;
				GCC_WARN_UNUSED_VARIABLE = YES;
				IPHONEOS_DEPLOYMENT_TARGET = 10.3;
				MTL_ENABLE_DEBUG_INFO = NO;
				SDKROOT = iphoneos;
				SWIFT_OPTIMIZATION_LEVEL = "-Owholemodule";
				VALIDATE_PRODUCT = YES;
			};
			name = Release;
		};
		B572997B1FB98A1B009367E6 /* Debug */ = {
			isa = XCBuildConfiguration;
			baseConfigurationReference = 51FBD0AFE95A837FA2808B3E /* Pods-goFit.debug.xcconfig */;
			buildSettings = {
				ASSETCATALOG_COMPILER_APPICON_NAME = AppIcon;
				CLANG_ENABLE_MODULES = YES;
				DEVELOPMENT_TEAM = T829AWJPEZ;
				INFOPLIST_FILE = goFit/Info.plist;
				IPHONEOS_DEPLOYMENT_TARGET = 10.2;
				LD_RUNPATH_SEARCH_PATHS = "$(inherited) @executable_path/Frameworks";
				PRODUCT_BUNDLE_IDENTIFIER = CS147.goFit;
				PRODUCT_NAME = "$(TARGET_NAME)";
				SWIFT_OBJC_BRIDGING_HEADER = "goFit/goFit-Bridging-Header.h";
				SWIFT_OPTIMIZATION_LEVEL = "-Onone";
				SWIFT_VERSION = 3.0;
			};
			name = Debug;
		};
		B572997C1FB98A1B009367E6 /* Release */ = {
			isa = XCBuildConfiguration;
			baseConfigurationReference = DAD4645E6C6E434D0CBE994A /* Pods-goFit.release.xcconfig */;
			buildSettings = {
				ASSETCATALOG_COMPILER_APPICON_NAME = AppIcon;
				CLANG_ENABLE_MODULES = YES;
				DEVELOPMENT_TEAM = T829AWJPEZ;
				INFOPLIST_FILE = goFit/Info.plist;
				IPHONEOS_DEPLOYMENT_TARGET = 10.2;
				LD_RUNPATH_SEARCH_PATHS = "$(inherited) @executable_path/Frameworks";
				PRODUCT_BUNDLE_IDENTIFIER = CS147.goFit;
				PRODUCT_NAME = "$(TARGET_NAME)";
				SWIFT_OBJC_BRIDGING_HEADER = "goFit/goFit-Bridging-Header.h";
				SWIFT_VERSION = 3.0;
			};
			name = Release;
		};
/* End XCBuildConfiguration section */

/* Begin XCConfigurationList section */
		B57299631FB98A1B009367E6 /* Build configuration list for PBXProject "goFit" */ = {
			isa = XCConfigurationList;
			buildConfigurations = (
				B57299781FB98A1B009367E6 /* Debug */,
				B57299791FB98A1B009367E6 /* Release */,
			);
			defaultConfigurationIsVisible = 0;
			defaultConfigurationName = Release;
		};
		B572997A1FB98A1B009367E6 /* Build configuration list for PBXNativeTarget "goFit" */ = {
			isa = XCConfigurationList;
			buildConfigurations = (
				B572997B1FB98A1B009367E6 /* Debug */,
				B572997C1FB98A1B009367E6 /* Release */,
			);
			defaultConfigurationIsVisible = 0;
			defaultConfigurationName = Release;
		};
/* End XCConfigurationList section */
	};
	rootObject = B57299601FB98A1B009367E6 /* Project object */;
}
